
Microsoft Visual Studio Solution File, Format Version 12.00
# Visual Studio 2012
Project("{FAE04EC0-301F-11D3-BF4B-00C04F79EFBC}") = "Destrospean.S3PIAbstractions", "Destrospean.S3PIAbstractions\Destrospean.S3PIAbstractions.csproj", "{27A16A39-0FCB-4861-A86A-EE354EAE90F0}"
EndProject
Global
	GlobalSection(SolutionConfigurationPlatforms) = preSolution
		Debug|Any CPU = Debug|Any CPU
		Release|Any CPU = Release|Any CPU
	EndGlobalSection
	GlobalSection(ProjectConfigurationPlatforms) = postSolution
		{27A16A39-0FCB-4861-A86A-EE354EAE90F0}.Debug|Any CPU.ActiveCfg = Debug|Any CPU
		{27A16A39-0FCB-4861-A86A-EE354EAE90F0}.Debug|Any CPU.Build.0 = Debug|Any CPU
		{27A16A39-0FCB-4861-A86A-EE354EAE90F0}.Release|Any CPU.ActiveCfg = Release|Any CPU
		{27A16A39-0FCB-4861-A86A-EE354EAE90F0}.Release|Any CPU.Build.0 = Release|Any CPU
	EndGlobalSection
EndGlobal
